<?xml version="1.0" encoding="UTF-8" standalone="yes" ?>
<CodeBlocks_project_file>
   <FileVersion major="1" minor="6" />
   <Project>
      <Option title="camera-simulator" />
      <Option makefile_is_custom="1" />
      <Option compiler="gcc" />
      <Option virtualFolders="CMake Files\;CMake Files\..\;CMake Files\..\..\;CMake Files\..\..\..\;CMake Files\..\..\..\Qt\;CMake Files\..\..\..\Qt\5.1.0\;CMake Files\..\..\..\Qt\5.1.0\gcc_64\;CMake Files\..\..\..\Qt\5.1.0\gcc_64\lib\;CMake Files\..\..\..\Qt\5.1.0\gcc_64\lib\cmake\;CMake Files\..\..\..\Qt\5.1.0\gcc_64\lib\cmake\Qt5Widgets\;CMake Files\..\..\..\Qt\5.1.0\gcc_64\lib\cmake\Qt5Gui\;CMake Files\..\..\..\Qt\5.1.0\gcc_64\lib\cmake\Qt5Core\;CMake Files\libtrack\;CMake Files\libtrack\tinyxml2\;" />
      <Build>
      <Target title="all">
         <Option working_dir="/home/gleab/Work/freescale-simulator/camera-simulator" />
         <Option type="4" />
         <MakeCommands>
            <Build command="/usr/bin/make -f &quot;/home/gleab/Work/freescale-simulator/camera-simulator/Makefile&quot;  VERBOSE=1 all" />
            <CompileFile command="/usr/bin/make -f &quot;/home/gleab/Work/freescale-simulator/camera-simulator/Makefile&quot;  VERBOSE=1 &quot;$file&quot;" />
            <Clean command="/usr/bin/make -f &quot;/home/gleab/Work/freescale-simulator/camera-simulator/Makefile&quot;  VERBOSE=1 clean" />
            <DistClean command="/usr/bin/make -f &quot;/home/gleab/Work/freescale-simulator/camera-simulator/Makefile&quot;  VERBOSE=1 clean" />
         </MakeCommands>
      </Target>
      <Target title="camera-simulator">
         <Option output="/home/gleab/Work/freescale-simulator/camera-simulator/camera-simulator" prefix_auto="0" extension_auto="0" />
         <Option working_dir="/home/gleab/Work/freescale-simulator/camera-simulator" />
         <Option object_output="./" />
         <Option type="1" />
         <Option compiler="gcc" />
         <Compiler>
            <Add option="-DQT_WIDGETS_LIB" />
            <Add option="-DQT_GUI_LIB" />
            <Add option="-DQT_CORE_LIB" />
            <Add option="-DQT_WIDGETS_LIB" />
            <Add option="-DQT_GUI_LIB" />
            <Add option="-DQT_CORE_LIB" />
            <Add directory="/home/gleab/Qt/5.1.0/gcc_64/include" />
            <Add directory="/home/gleab/Qt/5.1.0/gcc_64/include/QtCore" />
            <Add directory="/home/gleab/Qt/5.1.0/gcc_64/include/QtGui" />
            <Add directory="/home/gleab/Qt/5.1.0/gcc_64/include/QtWidgets" />
            <Add directory="/home/gleab/Qt/5.1.0/gcc_64/mkspecs/linux-g++" />
            <Add directory="/home/gleab/Work/freescale-simulator/camera-simulator" />
            <Add directory="/home/gleab/Work/freescale-simulator/camera-simulator/libtrack" />
            <Add directory="/usr/include" />
            <Add directory="/usr/include/bullet" />
            <Add directory="/usr/include/c++/4.7" />
            <Add directory="/usr/include/c++/4.7/backward" />
            <Add directory="/usr/include/irrlicht" />
            <Add directory="/usr/include/lua5.2" />
            <Add directory="/usr/include/x86_64-linux-gnu" />
            <Add directory="/usr/include/x86_64-linux-gnu/c++/4.7/." />
            <Add directory="/usr/lib/gcc/x86_64-linux-gnu/4.7/include" />
            <Add directory="/usr/lib/gcc/x86_64-linux-gnu/4.7/include-fixed" />
            <Add directory="/usr/local/include" />
         </Compiler>
         <MakeCommands>
            <Build command="/usr/bin/make -f &quot;/home/gleab/Work/freescale-simulator/camera-simulator/Makefile&quot;  VERBOSE=1 camera-simulator" />
            <CompileFile command="/usr/bin/make -f &quot;/home/gleab/Work/freescale-simulator/camera-simulator/Makefile&quot;  VERBOSE=1 &quot;$file&quot;" />
            <Clean command="/usr/bin/make -f &quot;/home/gleab/Work/freescale-simulator/camera-simulator/Makefile&quot;  VERBOSE=1 clean" />
            <DistClean command="/usr/bin/make -f &quot;/home/gleab/Work/freescale-simulator/camera-simulator/Makefile&quot;  VERBOSE=1 clean" />
         </MakeCommands>
      </Target>
      <Target title="camera-simulator/fast">
         <Option output="/home/gleab/Work/freescale-simulator/camera-simulator/camera-simulator" prefix_auto="0" extension_auto="0" />
         <Option working_dir="/home/gleab/Work/freescale-simulator/camera-simulator" />
         <Option object_output="./" />
         <Option type="1" />
         <Option compiler="gcc" />
         <Compiler>
            <Add option="-DQT_WIDGETS_LIB" />
            <Add option="-DQT_GUI_LIB" />
            <Add option="-DQT_CORE_LIB" />
            <Add option="-DQT_WIDGETS_LIB" />
            <Add option="-DQT_GUI_LIB" />
            <Add option="-DQT_CORE_LIB" />
            <Add directory="/home/gleab/Qt/5.1.0/gcc_64/include" />
            <Add directory="/home/gleab/Qt/5.1.0/gcc_64/include/QtCore" />
            <Add directory="/home/gleab/Qt/5.1.0/gcc_64/include/QtGui" />
            <Add directory="/home/gleab/Qt/5.1.0/gcc_64/include/QtWidgets" />
            <Add directory="/home/gleab/Qt/5.1.0/gcc_64/mkspecs/linux-g++" />
            <Add directory="/home/gleab/Work/freescale-simulator/camera-simulator" />
            <Add directory="/home/gleab/Work/freescale-simulator/camera-simulator/libtrack" />
            <Add directory="/usr/include" />
            <Add directory="/usr/include/bullet" />
            <Add directory="/usr/include/c++/4.7" />
            <Add directory="/usr/include/c++/4.7/backward" />
            <Add directory="/usr/include/irrlicht" />
            <Add directory="/usr/include/lua5.2" />
            <Add directory="/usr/include/x86_64-linux-gnu" />
            <Add directory="/usr/include/x86_64-linux-gnu/c++/4.7/." />
            <Add directory="/usr/lib/gcc/x86_64-linux-gnu/4.7/include" />
            <Add directory="/usr/lib/gcc/x86_64-linux-gnu/4.7/include-fixed" />
            <Add directory="/usr/local/include" />
         </Compiler>
         <MakeCommands>
            <Build command="/usr/bin/make -f &quot;/home/gleab/Work/freescale-simulator/camera-simulator/Makefile&quot;  VERBOSE=1 camera-simulator/fast" />
            <CompileFile command="/usr/bin/make -f &quot;/home/gleab/Work/freescale-simulator/camera-simulator/Makefile&quot;  VERBOSE=1 &quot;$file&quot;" />
            <Clean command="/usr/bin/make -f &quot;/home/gleab/Work/freescale-simulator/camera-simulator/Makefile&quot;  VERBOSE=1 clean" />
            <DistClean command="/usr/bin/make -f &quot;/home/gleab/Work/freescale-simulator/camera-simulator/Makefile&quot;  VERBOSE=1 clean" />
         </MakeCommands>
      </Target>
      <Target title="camera-simulator_automoc">
         <Option working_dir="/home/gleab/Work/freescale-simulator/camera-simulator" />
         <Option type="4" />
         <MakeCommands>
            <Build command="/usr/bin/make -f &quot;/home/gleab/Work/freescale-simulator/camera-simulator/Makefile&quot;  VERBOSE=1 camera-simulator_automoc" />
            <CompileFile command="/usr/bin/make -f &quot;/home/gleab/Work/freescale-simulator/camera-simulator/Makefile&quot;  VERBOSE=1 &quot;$file&quot;" />
            <Clean command="/usr/bin/make -f &quot;/home/gleab/Work/freescale-simulator/camera-simulator/Makefile&quot;  VERBOSE=1 clean" />
            <DistClean command="/usr/bin/make -f &quot;/home/gleab/Work/freescale-simulator/camera-simulator/Makefile&quot;  VERBOSE=1 clean" />
         </MakeCommands>
      </Target>
      <Target title="edit_cache">
         <Option working_dir="/home/gleab/Work/freescale-simulator/camera-simulator" />
         <Option type="4" />
         <MakeCommands>
            <Build command="/usr/bin/make -f &quot;/home/gleab/Work/freescale-simulator/camera-simulator/Makefile&quot;  VERBOSE=1 edit_cache" />
            <CompileFile command="/usr/bin/make -f &quot;/home/gleab/Work/freescale-simulator/camera-simulator/Makefile&quot;  VERBOSE=1 &quot;$file&quot;" />
            <Clean command="/usr/bin/make -f &quot;/home/gleab/Work/freescale-simulator/camera-simulator/Makefile&quot;  VERBOSE=1 clean" />
            <DistClean command="/usr/bin/make -f &quot;/home/gleab/Work/freescale-simulator/camera-simulator/Makefile&quot;  VERBOSE=1 clean" />
         </MakeCommands>
      </Target>
      <Target title="install">
         <Option working_dir="/home/gleab/Work/freescale-simulator/camera-simulator" />
         <Option type="4" />
         <MakeCommands>
            <Build command="/usr/bin/make -f &quot;/home/gleab/Work/freescale-simulator/camera-simulator/Makefile&quot;  VERBOSE=1 install" />
            <CompileFile command="/usr/bin/make -f &quot;/home/gleab/Work/freescale-simulator/camera-simulator/Makefile&quot;  VERBOSE=1 &quot;$file&quot;" />
            <Clean command="/usr/bin/make -f &quot;/home/gleab/Work/freescale-simulator/camera-simulator/Makefile&quot;  VERBOSE=1 clean" />
            <DistClean command="/usr/bin/make -f &quot;/home/gleab/Work/freescale-simulator/camera-simulator/Makefile&quot;  VERBOSE=1 clean" />
         </MakeCommands>
      </Target>
      <Target title="install/local">
         <Option working_dir="/home/gleab/Work/freescale-simulator/camera-simulator" />
         <Option type="4" />
         <MakeCommands>
            <Build command="/usr/bin/make -f &quot;/home/gleab/Work/freescale-simulator/camera-simulator/Makefile&quot;  VERBOSE=1 install/local" />
            <CompileFile command="/usr/bin/make -f &quot;/home/gleab/Work/freescale-simulator/camera-simulator/Makefile&quot;  VERBOSE=1 &quot;$file&quot;" />
            <Clean command="/usr/bin/make -f &quot;/home/gleab/Work/freescale-simulator/camera-simulator/Makefile&quot;  VERBOSE=1 clean" />
            <DistClean command="/usr/bin/make -f &quot;/home/gleab/Work/freescale-simulator/camera-simulator/Makefile&quot;  VERBOSE=1 clean" />
         </MakeCommands>
      </Target>
      <Target title="install/strip">
         <Option working_dir="/home/gleab/Work/freescale-simulator/camera-simulator" />
         <Option type="4" />
         <MakeCommands>
            <Build command="/usr/bin/make -f &quot;/home/gleab/Work/freescale-simulator/camera-simulator/Makefile&quot;  VERBOSE=1 install/strip" />
            <CompileFile command="/usr/bin/make -f &quot;/home/gleab/Work/freescale-simulator/camera-simulator/Makefile&quot;  VERBOSE=1 &quot;$file&quot;" />
            <Clean command="/usr/bin/make -f &quot;/home/gleab/Work/freescale-simulator/camera-simulator/Makefile&quot;  VERBOSE=1 clean" />
            <DistClean command="/usr/bin/make -f &quot;/home/gleab/Work/freescale-simulator/camera-simulator/Makefile&quot;  VERBOSE=1 clean" />
         </MakeCommands>
      </Target>
      <Target title="list_install_components">
         <Option working_dir="/home/gleab/Work/freescale-simulator/camera-simulator" />
         <Option type="4" />
         <MakeCommands>
            <Build command="/usr/bin/make -f &quot;/home/gleab/Work/freescale-simulator/camera-simulator/Makefile&quot;  VERBOSE=1 list_install_components" />
            <CompileFile command="/usr/bin/make -f &quot;/home/gleab/Work/freescale-simulator/camera-simulator/Makefile&quot;  VERBOSE=1 &quot;$file&quot;" />
            <Clean command="/usr/bin/make -f &quot;/home/gleab/Work/freescale-simulator/camera-simulator/Makefile&quot;  VERBOSE=1 clean" />
            <DistClean command="/usr/bin/make -f &quot;/home/gleab/Work/freescale-simulator/camera-simulator/Makefile&quot;  VERBOSE=1 clean" />
         </MakeCommands>
      </Target>
      <Target title="rebuild_cache">
         <Option working_dir="/home/gleab/Work/freescale-simulator/camera-simulator" />
         <Option type="4" />
         <MakeCommands>
            <Build command="/usr/bin/make -f &quot;/home/gleab/Work/freescale-simulator/camera-simulator/Makefile&quot;  VERBOSE=1 rebuild_cache" />
            <CompileFile command="/usr/bin/make -f &quot;/home/gleab/Work/freescale-simulator/camera-simulator/Makefile&quot;  VERBOSE=1 &quot;$file&quot;" />
            <Clean command="/usr/bin/make -f &quot;/home/gleab/Work/freescale-simulator/camera-simulator/Makefile&quot;  VERBOSE=1 clean" />
            <DistClean command="/usr/bin/make -f &quot;/home/gleab/Work/freescale-simulator/camera-simulator/Makefile&quot;  VERBOSE=1 clean" />
         </MakeCommands>
      </Target>
      <Target title="track">
         <Option output="/home/gleab/Work/freescale-simulator/camera-simulator/libtrack/libtrack.a" prefix_auto="0" extension_auto="0" />
         <Option working_dir="/home/gleab/Work/freescale-simulator/camera-simulator/libtrack" />
         <Option object_output="./" />
         <Option type="2" />
         <Option compiler="gcc" />
         <Compiler>
            <Add directory="/home/gleab/Work/freescale-simulator/camera-simulator/libtrack" />
            <Add directory="/home/gleab/Work/freescale-simulator/camera-simulator/libtrack/tinyxml2" />
            <Add directory="/usr/include" />
            <Add directory="/usr/include/c++/4.7" />
            <Add directory="/usr/include/c++/4.7/backward" />
            <Add directory="/usr/include/x86_64-linux-gnu" />
            <Add directory="/usr/include/x86_64-linux-gnu/c++/4.7/." />
            <Add directory="/usr/lib/gcc/x86_64-linux-gnu/4.7/include" />
            <Add directory="/usr/lib/gcc/x86_64-linux-gnu/4.7/include-fixed" />
            <Add directory="/usr/local/include" />
         </Compiler>
         <MakeCommands>
            <Build command="/usr/bin/make -f &quot;/home/gleab/Work/freescale-simulator/camera-simulator/libtrack/Makefile&quot;  VERBOSE=1 track" />
            <CompileFile command="/usr/bin/make -f &quot;/home/gleab/Work/freescale-simulator/camera-simulator/libtrack/Makefile&quot;  VERBOSE=1 &quot;$file&quot;" />
            <Clean command="/usr/bin/make -f &quot;/home/gleab/Work/freescale-simulator/camera-simulator/libtrack/Makefile&quot;  VERBOSE=1 clean" />
            <DistClean command="/usr/bin/make -f &quot;/home/gleab/Work/freescale-simulator/camera-simulator/libtrack/Makefile&quot;  VERBOSE=1 clean" />
         </MakeCommands>
      </Target>
      <Target title="track/fast">
         <Option output="/home/gleab/Work/freescale-simulator/camera-simulator/libtrack/libtrack.a" prefix_auto="0" extension_auto="0" />
         <Option working_dir="/home/gleab/Work/freescale-simulator/camera-simulator/libtrack" />
         <Option object_output="./" />
         <Option type="2" />
         <Option compiler="gcc" />
         <Compiler>
            <Add directory="/home/gleab/Work/freescale-simulator/camera-simulator/libtrack" />
            <Add directory="/home/gleab/Work/freescale-simulator/camera-simulator/libtrack/tinyxml2" />
            <Add directory="/usr/include" />
            <Add directory="/usr/include/c++/4.7" />
            <Add directory="/usr/include/c++/4.7/backward" />
            <Add directory="/usr/include/x86_64-linux-gnu" />
            <Add directory="/usr/include/x86_64-linux-gnu/c++/4.7/." />
            <Add directory="/usr/lib/gcc/x86_64-linux-gnu/4.7/include" />
            <Add directory="/usr/lib/gcc/x86_64-linux-gnu/4.7/include-fixed" />
            <Add directory="/usr/local/include" />
         </Compiler>
         <MakeCommands>
            <Build command="/usr/bin/make -f &quot;/home/gleab/Work/freescale-simulator/camera-simulator/libtrack/Makefile&quot;  VERBOSE=1 track/fast" />
            <CompileFile command="/usr/bin/make -f &quot;/home/gleab/Work/freescale-simulator/camera-simulator/libtrack/Makefile&quot;  VERBOSE=1 &quot;$file&quot;" />
            <Clean command="/usr/bin/make -f &quot;/home/gleab/Work/freescale-simulator/camera-simulator/libtrack/Makefile&quot;  VERBOSE=1 clean" />
            <DistClean command="/usr/bin/make -f &quot;/home/gleab/Work/freescale-simulator/camera-simulator/libtrack/Makefile&quot;  VERBOSE=1 clean" />
         </MakeCommands>
      </Target>
      <Target title="track_automoc">
         <Option working_dir="/home/gleab/Work/freescale-simulator/camera-simulator/libtrack" />
         <Option type="4" />
         <MakeCommands>
            <Build command="/usr/bin/make -f &quot;/home/gleab/Work/freescale-simulator/camera-simulator/libtrack/Makefile&quot;  VERBOSE=1 track_automoc" />
            <CompileFile command="/usr/bin/make -f &quot;/home/gleab/Work/freescale-simulator/camera-simulator/libtrack/Makefile&quot;  VERBOSE=1 &quot;$file&quot;" />
            <Clean command="/usr/bin/make -f &quot;/home/gleab/Work/freescale-simulator/camera-simulator/libtrack/Makefile&quot;  VERBOSE=1 clean" />
            <DistClean command="/usr/bin/make -f &quot;/home/gleab/Work/freescale-simulator/camera-simulator/libtrack/Makefile&quot;  VERBOSE=1 clean" />
         </MakeCommands>
      </Target>
      <Target title="DATA_COPY">
         <Option working_dir="/home/gleab/Work/freescale-simulator/camera-simulator/libtrack/tinyxml2" />
         <Option type="4" />
         <MakeCommands>
            <Build command="/usr/bin/make -f &quot;/home/gleab/Work/freescale-simulator/camera-simulator/libtrack/tinyxml2/Makefile&quot;  VERBOSE=1 DATA_COPY" />
            <CompileFile command="/usr/bin/make -f &quot;/home/gleab/Work/freescale-simulator/camera-simulator/libtrack/tinyxml2/Makefile&quot;  VERBOSE=1 &quot;$file&quot;" />
            <Clean command="/usr/bin/make -f &quot;/home/gleab/Work/freescale-simulator/camera-simulator/libtrack/tinyxml2/Makefile&quot;  VERBOSE=1 clean" />
            <DistClean command="/usr/bin/make -f &quot;/home/gleab/Work/freescale-simulator/camera-simulator/libtrack/tinyxml2/Makefile&quot;  VERBOSE=1 clean" />
         </MakeCommands>
      </Target>
      <Target title="test">
         <Option output="/home/gleab/Work/freescale-simulator/camera-simulator/libtrack/tinyxml2/test" prefix_auto="0" extension_auto="0" />
         <Option working_dir="/home/gleab/Work/freescale-simulator/camera-simulator/libtrack/tinyxml2" />
         <Option object_output="./" />
         <Option type="1" />
         <Option compiler="gcc" />
         <Compiler>
            <Add directory="/home/gleab/Work/freescale-simulator/camera-simulator/libtrack/tinyxml2" />
            <Add directory="/home/gleab/Work/freescale-simulator/camera-simulator/libtrack/tinyxml2/." />
            <Add directory="/usr/include" />
            <Add directory="/usr/include/c++/4.7" />
            <Add directory="/usr/include/c++/4.7/backward" />
            <Add directory="/usr/include/x86_64-linux-gnu" />
            <Add directory="/usr/include/x86_64-linux-gnu/c++/4.7/." />
            <Add directory="/usr/lib/gcc/x86_64-linux-gnu/4.7/include" />
            <Add directory="/usr/lib/gcc/x86_64-linux-gnu/4.7/include-fixed" />
            <Add directory="/usr/local/include" />
         </Compiler>
         <MakeCommands>
            <Build command="/usr/bin/make -f &quot;/home/gleab/Work/freescale-simulator/camera-simulator/libtrack/tinyxml2/Makefile&quot;  VERBOSE=1 test" />
            <CompileFile command="/usr/bin/make -f &quot;/home/gleab/Work/freescale-simulator/camera-simulator/libtrack/tinyxml2/Makefile&quot;  VERBOSE=1 &quot;$file&quot;" />
            <Clean command="/usr/bin/make -f &quot;/home/gleab/Work/freescale-simulator/camera-simulator/libtrack/tinyxml2/Makefile&quot;  VERBOSE=1 clean" />
            <DistClean command="/usr/bin/make -f &quot;/home/gleab/Work/freescale-simulator/camera-simulator/libtrack/tinyxml2/Makefile&quot;  VERBOSE=1 clean" />
         </MakeCommands>
      </Target>
      <Target title="test/fast">
         <Option output="/home/gleab/Work/freescale-simulator/camera-simulator/libtrack/tinyxml2/test" prefix_auto="0" extension_auto="0" />
         <Option working_dir="/home/gleab/Work/freescale-simulator/camera-simulator/libtrack/tinyxml2" />
         <Option object_output="./" />
         <Option type="1" />
         <Option compiler="gcc" />
         <Compiler>
            <Add directory="/home/gleab/Work/freescale-simulator/camera-simulator/libtrack/tinyxml2" />
            <Add directory="/home/gleab/Work/freescale-simulator/camera-simulator/libtrack/tinyxml2/." />
            <Add directory="/usr/include" />
            <Add directory="/usr/include/c++/4.7" />
            <Add directory="/usr/include/c++/4.7/backward" />
            <Add directory="/usr/include/x86_64-linux-gnu" />
            <Add directory="/usr/include/x86_64-linux-gnu/c++/4.7/." />
            <Add directory="/usr/lib/gcc/x86_64-linux-gnu/4.7/include" />
            <Add directory="/usr/lib/gcc/x86_64-linux-gnu/4.7/include-fixed" />
            <Add directory="/usr/local/include" />
         </Compiler>
         <MakeCommands>
            <Build command="/usr/bin/make -f &quot;/home/gleab/Work/freescale-simulator/camera-simulator/libtrack/tinyxml2/Makefile&quot;  VERBOSE=1 test/fast" />
            <CompileFile command="/usr/bin/make -f &quot;/home/gleab/Work/freescale-simulator/camera-simulator/libtrack/tinyxml2/Makefile&quot;  VERBOSE=1 &quot;$file&quot;" />
            <Clean command="/usr/bin/make -f &quot;/home/gleab/Work/freescale-simulator/camera-simulator/libtrack/tinyxml2/Makefile&quot;  VERBOSE=1 clean" />
            <DistClean command="/usr/bin/make -f &quot;/home/gleab/Work/freescale-simulator/camera-simulator/libtrack/tinyxml2/Makefile&quot;  VERBOSE=1 clean" />
         </MakeCommands>
      </Target>
      <Target title="test_automoc">
         <Option working_dir="/home/gleab/Work/freescale-simulator/camera-simulator/libtrack/tinyxml2" />
         <Option type="4" />
         <MakeCommands>
            <Build command="/usr/bin/make -f &quot;/home/gleab/Work/freescale-simulator/camera-simulator/libtrack/tinyxml2/Makefile&quot;  VERBOSE=1 test_automoc" />
            <CompileFile command="/usr/bin/make -f &quot;/home/gleab/Work/freescale-simulator/camera-simulator/libtrack/tinyxml2/Makefile&quot;  VERBOSE=1 &quot;$file&quot;" />
            <Clean command="/usr/bin/make -f &quot;/home/gleab/Work/freescale-simulator/camera-simulator/libtrack/tinyxml2/Makefile&quot;  VERBOSE=1 clean" />
            <DistClean command="/usr/bin/make -f &quot;/home/gleab/Work/freescale-simulator/camera-simulator/libtrack/tinyxml2/Makefile&quot;  VERBOSE=1 clean" />
         </MakeCommands>
      </Target>
      <Target title="tinyxml2">
         <Option output="/home/gleab/Work/freescale-simulator/camera-simulator/libtrack/tinyxml2/libtinyxml2.so" prefix_auto="0" extension_auto="0" />
         <Option working_dir="/home/gleab/Work/freescale-simulator/camera-simulator/libtrack/tinyxml2" />
         <Option object_output="./" />
         <Option type="3" />
         <Option compiler="gcc" />
         <Compiler>
            <Add directory="/home/gleab/Work/freescale-simulator/camera-simulator/libtrack/tinyxml2" />
            <Add directory="/home/gleab/Work/freescale-simulator/camera-simulator/libtrack/tinyxml2/." />
            <Add directory="/usr/include" />
            <Add directory="/usr/include/c++/4.7" />
            <Add directory="/usr/include/c++/4.7/backward" />
            <Add directory="/usr/include/x86_64-linux-gnu" />
            <Add directory="/usr/include/x86_64-linux-gnu/c++/4.7/." />
            <Add directory="/usr/lib/gcc/x86_64-linux-gnu/4.7/include" />
            <Add directory="/usr/lib/gcc/x86_64-linux-gnu/4.7/include-fixed" />
            <Add directory="/usr/local/include" />
         </Compiler>
         <MakeCommands>
            <Build command="/usr/bin/make -f &quot;/home/gleab/Work/freescale-simulator/camera-simulator/libtrack/tinyxml2/Makefile&quot;  VERBOSE=1 tinyxml2" />
            <CompileFile command="/usr/bin/make -f &quot;/home/gleab/Work/freescale-simulator/camera-simulator/libtrack/tinyxml2/Makefile&quot;  VERBOSE=1 &quot;$file&quot;" />
            <Clean command="/usr/bin/make -f &quot;/home/gleab/Work/freescale-simulator/camera-simulator/libtrack/tinyxml2/Makefile&quot;  VERBOSE=1 clean" />
            <DistClean command="/usr/bin/make -f &quot;/home/gleab/Work/freescale-simulator/camera-simulator/libtrack/tinyxml2/Makefile&quot;  VERBOSE=1 clean" />
         </MakeCommands>
      </Target>
      <Target title="tinyxml2/fast">
         <Option output="/home/gleab/Work/freescale-simulator/camera-simulator/libtrack/tinyxml2/libtinyxml2.so" prefix_auto="0" extension_auto="0" />
         <Option working_dir="/home/gleab/Work/freescale-simulator/camera-simulator/libtrack/tinyxml2" />
         <Option object_output="./" />
         <Option type="3" />
         <Option compiler="gcc" />
         <Compiler>
            <Add directory="/home/gleab/Work/freescale-simulator/camera-simulator/libtrack/tinyxml2" />
            <Add directory="/home/gleab/Work/freescale-simulator/camera-simulator/libtrack/tinyxml2/." />
            <Add directory="/usr/include" />
            <Add directory="/usr/include/c++/4.7" />
            <Add directory="/usr/include/c++/4.7/backward" />
            <Add directory="/usr/include/x86_64-linux-gnu" />
            <Add directory="/usr/include/x86_64-linux-gnu/c++/4.7/." />
            <Add directory="/usr/lib/gcc/x86_64-linux-gnu/4.7/include" />
            <Add directory="/usr/lib/gcc/x86_64-linux-gnu/4.7/include-fixed" />
            <Add directory="/usr/local/include" />
         </Compiler>
         <MakeCommands>
            <Build command="/usr/bin/make -f &quot;/home/gleab/Work/freescale-simulator/camera-simulator/libtrack/tinyxml2/Makefile&quot;  VERBOSE=1 tinyxml2/fast" />
            <CompileFile command="/usr/bin/make -f &quot;/home/gleab/Work/freescale-simulator/camera-simulator/libtrack/tinyxml2/Makefile&quot;  VERBOSE=1 &quot;$file&quot;" />
            <Clean command="/usr/bin/make -f &quot;/home/gleab/Work/freescale-simulator/camera-simulator/libtrack/tinyxml2/Makefile&quot;  VERBOSE=1 clean" />
            <DistClean command="/usr/bin/make -f &quot;/home/gleab/Work/freescale-simulator/camera-simulator/libtrack/tinyxml2/Makefile&quot;  VERBOSE=1 clean" />
         </MakeCommands>
      </Target>
      <Target title="tinyxml2_automoc">
         <Option working_dir="/home/gleab/Work/freescale-simulator/camera-simulator/libtrack/tinyxml2" />
         <Option type="4" />
         <MakeCommands>
            <Build command="/usr/bin/make -f &quot;/home/gleab/Work/freescale-simulator/camera-simulator/libtrack/tinyxml2/Makefile&quot;  VERBOSE=1 tinyxml2_automoc" />
            <CompileFile command="/usr/bin/make -f &quot;/home/gleab/Work/freescale-simulator/camera-simulator/libtrack/tinyxml2/Makefile&quot;  VERBOSE=1 &quot;$file&quot;" />
            <Clean command="/usr/bin/make -f &quot;/home/gleab/Work/freescale-simulator/camera-simulator/libtrack/tinyxml2/Makefile&quot;  VERBOSE=1 clean" />
            <DistClean command="/usr/bin/make -f &quot;/home/gleab/Work/freescale-simulator/camera-simulator/libtrack/tinyxml2/Makefile&quot;  VERBOSE=1 clean" />
         </MakeCommands>
      </Target>
      <Target title="tinyxml2static">
         <Option output="/home/gleab/Work/freescale-simulator/camera-simulator/libtrack/tinyxml2/libtinyxml2.a" prefix_auto="0" extension_auto="0" />
         <Option working_dir="/home/gleab/Work/freescale-simulator/camera-simulator/libtrack/tinyxml2" />
         <Option object_output="./" />
         <Option type="2" />
         <Option compiler="gcc" />
         <Compiler>
            <Add directory="/home/gleab/Work/freescale-simulator/camera-simulator/libtrack/tinyxml2" />
            <Add directory="/home/gleab/Work/freescale-simulator/camera-simulator/libtrack/tinyxml2/." />
            <Add directory="/usr/include" />
            <Add directory="/usr/include/c++/4.7" />
            <Add directory="/usr/include/c++/4.7/backward" />
            <Add directory="/usr/include/x86_64-linux-gnu" />
            <Add directory="/usr/include/x86_64-linux-gnu/c++/4.7/." />
            <Add directory="/usr/lib/gcc/x86_64-linux-gnu/4.7/include" />
            <Add directory="/usr/lib/gcc/x86_64-linux-gnu/4.7/include-fixed" />
            <Add directory="/usr/local/include" />
         </Compiler>
         <MakeCommands>
            <Build command="/usr/bin/make -f &quot;/home/gleab/Work/freescale-simulator/camera-simulator/libtrack/tinyxml2/Makefile&quot;  VERBOSE=1 tinyxml2static" />
            <CompileFile command="/usr/bin/make -f &quot;/home/gleab/Work/freescale-simulator/camera-simulator/libtrack/tinyxml2/Makefile&quot;  VERBOSE=1 &quot;$file&quot;" />
            <Clean command="/usr/bin/make -f &quot;/home/gleab/Work/freescale-simulator/camera-simulator/libtrack/tinyxml2/Makefile&quot;  VERBOSE=1 clean" />
            <DistClean command="/usr/bin/make -f &quot;/home/gleab/Work/freescale-simulator/camera-simulator/libtrack/tinyxml2/Makefile&quot;  VERBOSE=1 clean" />
         </MakeCommands>
      </Target>
      <Target title="tinyxml2static/fast">
         <Option output="/home/gleab/Work/freescale-simulator/camera-simulator/libtrack/tinyxml2/libtinyxml2.a" prefix_auto="0" extension_auto="0" />
         <Option working_dir="/home/gleab/Work/freescale-simulator/camera-simulator/libtrack/tinyxml2" />
         <Option object_output="./" />
         <Option type="2" />
         <Option compiler="gcc" />
         <Compiler>
            <Add directory="/home/gleab/Work/freescale-simulator/camera-simulator/libtrack/tinyxml2" />
            <Add directory="/home/gleab/Work/freescale-simulator/camera-simulator/libtrack/tinyxml2/." />
            <Add directory="/usr/include" />
            <Add directory="/usr/include/c++/4.7" />
            <Add directory="/usr/include/c++/4.7/backward" />
            <Add directory="/usr/include/x86_64-linux-gnu" />
            <Add directory="/usr/include/x86_64-linux-gnu/c++/4.7/." />
            <Add directory="/usr/lib/gcc/x86_64-linux-gnu/4.7/include" />
            <Add directory="/usr/lib/gcc/x86_64-linux-gnu/4.7/include-fixed" />
            <Add directory="/usr/local/include" />
         </Compiler>
         <MakeCommands>
            <Build command="/usr/bin/make -f &quot;/home/gleab/Work/freescale-simulator/camera-simulator/libtrack/tinyxml2/Makefile&quot;  VERBOSE=1 tinyxml2static/fast" />
            <CompileFile command="/usr/bin/make -f &quot;/home/gleab/Work/freescale-simulator/camera-simulator/libtrack/tinyxml2/Makefile&quot;  VERBOSE=1 &quot;$file&quot;" />
            <Clean command="/usr/bin/make -f &quot;/home/gleab/Work/freescale-simulator/camera-simulator/libtrack/tinyxml2/Makefile&quot;  VERBOSE=1 clean" />
            <DistClean command="/usr/bin/make -f &quot;/home/gleab/Work/freescale-simulator/camera-simulator/libtrack/tinyxml2/Makefile&quot;  VERBOSE=1 clean" />
         </MakeCommands>
      </Target>
      <Target title="tinyxml2static_automoc">
         <Option working_dir="/home/gleab/Work/freescale-simulator/camera-simulator/libtrack/tinyxml2" />
         <Option type="4" />
         <MakeCommands>
            <Build command="/usr/bin/make -f &quot;/home/gleab/Work/freescale-simulator/camera-simulator/libtrack/tinyxml2/Makefile&quot;  VERBOSE=1 tinyxml2static_automoc" />
            <CompileFile command="/usr/bin/make -f &quot;/home/gleab/Work/freescale-simulator/camera-simulator/libtrack/tinyxml2/Makefile&quot;  VERBOSE=1 &quot;$file&quot;" />
            <Clean command="/usr/bin/make -f &quot;/home/gleab/Work/freescale-simulator/camera-simulator/libtrack/tinyxml2/Makefile&quot;  VERBOSE=1 clean" />
            <DistClean command="/usr/bin/make -f &quot;/home/gleab/Work/freescale-simulator/camera-simulator/libtrack/tinyxml2/Makefile&quot;  VERBOSE=1 clean" />
         </MakeCommands>
      </Target>
      </Build>
      <Unit filename="/home/gleab/Work/freescale-simulator/camera-simulator/LuaControlAlgorithm.cpp">
      </Unit>
      <Unit filename="/home/gleab/Work/freescale-simulator/camera-simulator/camerasimulator.cpp">
      </Unit>
      <Unit filename="/home/gleab/Work/freescale-simulator/camera-simulator/libtrack/tinyxml2/tinyxml2.cpp">
      </Unit>
      <Unit filename="/home/gleab/Work/freescale-simulator/camera-simulator/libtrack/tinyxml2/xmltest.cpp">
      </Unit>
      <Unit filename="/home/gleab/Work/freescale-simulator/camera-simulator/libtrack/track_io.cc">
      </Unit>
      <Unit filename="/home/gleab/Work/freescale-simulator/camera-simulator/libtrack/track_model.cc">
      </Unit>
      <Unit filename="/home/gleab/Work/freescale-simulator/camera-simulator/main.cpp">
      </Unit>
      <Unit filename="/home/gleab/Work/freescale-simulator/camera-simulator/mainwindow.cpp">
      </Unit>
      <Unit filename="/home/gleab/Work/freescale-simulator/camera-simulator/Common.h">
      </Unit>
      <Unit filename="/home/gleab/Work/freescale-simulator/camera-simulator/IControlAlgorithm.h">
      </Unit>
      <Unit filename="/home/gleab/Work/freescale-simulator/camera-simulator/LuaControlAlgorithm.h">
      </Unit>
      <Unit filename="/home/gleab/Work/freescale-simulator/camera-simulator/camerasimulator.h">
      </Unit>
      <Unit filename="/home/gleab/Work/freescale-simulator/camera-simulator/libtrack/tinyxml2/tinyxml2.h">
      </Unit>
      <Unit filename="/home/gleab/Work/freescale-simulator/camera-simulator/libtrack/track_io.h">
      </Unit>
      <Unit filename="/home/gleab/Work/freescale-simulator/camera-simulator/libtrack/track_model.h">
      </Unit>
      <Unit filename="/home/gleab/Work/freescale-simulator/camera-simulator/mainwindow.h">
      </Unit>
      <Unit filename="/home/gleab/Work/freescale-simulator/camera-simulator/mainwindow.ui">
      </Unit>
      <Unit filename="/home/gleab/Work/freescale-simulator/camera-simulator/CMakeLists.txt">
          <Option virtualFolder="CMake Files\" />
      </Unit>
      <Unit filename="/home/gleab/Work/freescale-simulator/camera-simulator/FindIrrlicht.cmake">
          <Option virtualFolder="CMake Files\" />
      </Unit>
      <Unit filename="/home/gleab/Work/freescale-simulator/camera-simulator/../../../Qt/5.1.0/gcc_64/lib/cmake/Qt5Widgets/Qt5WidgetsConfigVersion.cmake">
          <Option virtualFolder="CMake Files\..\..\..\Qt\5.1.0\gcc_64\lib\cmake\Qt5Widgets\" />
      </Unit>
      <Unit filename="/home/gleab/Work/freescale-simulator/camera-simulator/../../../Qt/5.1.0/gcc_64/lib/cmake/Qt5Widgets/Qt5WidgetsConfig.cmake">
          <Option virtualFolder="CMake Files\..\..\..\Qt\5.1.0\gcc_64\lib\cmake\Qt5Widgets\" />
      </Unit>
      <Unit filename="/home/gleab/Work/freescale-simulator/camera-simulator/../../../Qt/5.1.0/gcc_64/lib/cmake/Qt5Widgets/Qt5WidgetsConfigExtras.cmake">
          <Option virtualFolder="CMake Files\..\..\..\Qt\5.1.0\gcc_64\lib\cmake\Qt5Widgets\" />
      </Unit>
      <Unit filename="/home/gleab/Work/freescale-simulator/camera-simulator/../../../Qt/5.1.0/gcc_64/lib/cmake/Qt5Widgets/Qt5WidgetsMacros.cmake">
          <Option virtualFolder="CMake Files\..\..\..\Qt\5.1.0\gcc_64\lib\cmake\Qt5Widgets\" />
      </Unit>
      <Unit filename="/home/gleab/Work/freescale-simulator/camera-simulator/../../../Qt/5.1.0/gcc_64/lib/cmake/Qt5Gui/Qt5GuiConfigVersion.cmake">
          <Option virtualFolder="CMake Files\..\..\..\Qt\5.1.0\gcc_64\lib\cmake\Qt5Gui\" />
      </Unit>
      <Unit filename="/home/gleab/Work/freescale-simulator/camera-simulator/../../../Qt/5.1.0/gcc_64/lib/cmake/Qt5Gui/Qt5GuiConfig.cmake">
          <Option virtualFolder="CMake Files\..\..\..\Qt\5.1.0\gcc_64\lib\cmake\Qt5Gui\" />
      </Unit>
      <Unit filename="/home/gleab/Work/freescale-simulator/camera-simulator/../../../Qt/5.1.0/gcc_64/lib/cmake/Qt5Gui/Qt5GuiConfigExtras.cmake">
          <Option virtualFolder="CMake Files\..\..\..\Qt\5.1.0\gcc_64\lib\cmake\Qt5Gui\" />
      </Unit>
      <Unit filename="/home/gleab/Work/freescale-simulator/camera-simulator/../../../Qt/5.1.0/gcc_64/lib/cmake/Qt5Core/Qt5CoreConfigVersion.cmake">
          <Option virtualFolder="CMake Files\..\..\..\Qt\5.1.0\gcc_64\lib\cmake\Qt5Core\" />
      </Unit>
      <Unit filename="/home/gleab/Work/freescale-simulator/camera-simulator/../../../Qt/5.1.0/gcc_64/lib/cmake/Qt5Core/Qt5CoreConfig.cmake">
          <Option virtualFolder="CMake Files\..\..\..\Qt\5.1.0\gcc_64\lib\cmake\Qt5Core\" />
      </Unit>
      <Unit filename="/home/gleab/Work/freescale-simulator/camera-simulator/../../../Qt/5.1.0/gcc_64/lib/cmake/Qt5Core/Qt5CoreConfigExtras.cmake">
          <Option virtualFolder="CMake Files\..\..\..\Qt\5.1.0\gcc_64\lib\cmake\Qt5Core\" />
      </Unit>
      <Unit filename="/home/gleab/Work/freescale-simulator/camera-simulator/../../../Qt/5.1.0/gcc_64/lib/cmake/Qt5Core/Qt5CoreMacros.cmake">
          <Option virtualFolder="CMake Files\..\..\..\Qt\5.1.0\gcc_64\lib\cmake\Qt5Core\" />
      </Unit>
      <Unit filename="/home/gleab/Work/freescale-simulator/camera-simulator/libtrack/CMakeLists.txt">
          <Option virtualFolder="CMake Files\libtrack\" />
      </Unit>
      <Unit filename="/home/gleab/Work/freescale-simulator/camera-simulator/libtrack/CMakeLists.txt">
          <Option virtualFolder="CMake Files\libtrack\" />
      </Unit>
      <Unit filename="/home/gleab/Work/freescale-simulator/camera-simulator/libtrack/tinyxml2/CMakeLists.txt">
          <Option virtualFolder="CMake Files\libtrack\tinyxml2\" />
      </Unit>
      <Unit filename="/home/gleab/Work/freescale-simulator/camera-simulator/libtrack/tinyxml2/tinyxml2.pc.in">
          <Option virtualFolder="CMake Files\libtrack\tinyxml2\" />
      </Unit>
      <Unit filename="/home/gleab/Work/freescale-simulator/camera-simulator/libtrack/tinyxml2/CMakeLists.txt">
          <Option virtualFolder="CMake Files\libtrack\tinyxml2\" />
      </Unit>
      <Unit filename="/home/gleab/Work/freescale-simulator/camera-simulator/libtrack/tinyxml2/tinyxml2.pc.in">
          <Option virtualFolder="CMake Files\libtrack\tinyxml2\" />
      </Unit>
      <Unit filename="/home/gleab/Work/freescale-simulator/camera-simulator/libtrack/tinyxml2/CMakeLists.txt">
          <Option virtualFolder="CMake Files\libtrack\tinyxml2\" />
      </Unit>
      <Unit filename="/home/gleab/Work/freescale-simulator/camera-simulator/libtrack/tinyxml2/tinyxml2.pc.in">
          <Option virtualFolder="CMake Files\libtrack\tinyxml2\" />
      </Unit>
   </Project>
</CodeBlocks_project_file>
